# Generated by move; do not edit
# This file should be checked in.

[move]
version = 3
manifest_digest = "99804438D53292B67FFC37C910A1D888D1C71D9F4E52E37B182199B8024A0F89"
deps_digest = "F8BBB0CCB2491CA29A3DF03D6F92277A4F3574266507ACD77214D37ECA3F3082"
dependencies = [
  { id = "Sui", name = "Sui" },
]

[[move.package]]
id = "MoveStdlib"
source = { git = "https://github.com/MystenLabs/sui.git", rev = "mainnet-v1.62.1", subdir = "crates/sui-framework/packages/move-stdlib" }

[[move.package]]
id = "Sui"
source = { git = "https://github.com/MystenLabs/sui.git", rev = "mainnet-v1.62.1", subdir = "crates/sui-framework/packages/sui-framework" }

dependencies = [
  { id = "MoveStdlib", name = "MoveStdlib" },
]

[move.toolchain-version]
compiler-version = "1.62.0"
edition = "2024.beta"
flavor = "sui"

[pinned.testnet.MoveStdlib]
source = { git = "https://github.com/MystenLabs/sui.git", subdir = "crates/sui-framework/packages/move-stdlib", rev = "1073a8fbf6cfa0d4a4d2bf34b2494a212116089c" }
use_environment = "testnet"
manifest_digest = "C4FE4C91DE74CBF223B2E380AE40F592177D21870DC2D7EB6227D2D694E05363"
deps = {}

[pinned.testnet.Sui]
source = { git = "https://github.com/MystenLabs/sui.git", subdir = "crates/sui-framework/packages/sui-framework", rev = "1073a8fbf6cfa0d4a4d2bf34b2494a212116089c" }
use_environment = "testnet"
manifest_digest = "7AFB66695545775FBFBB2D3078ADFD084244D5002392E837FDE21D9EA1C6D01C"
deps = { MoveStdlib = "MoveStdlib" }

[pinned.testnet.sweepay]
source = { root = true }
use_environment = "testnet"
manifest_digest = "FE1D72319FA9E99FA1FBF6E834FEF4689832BF0126DA61AA546CA59A87DE5360"
deps = { Sui = "Sui" }

[env]

[env.testnet]
chain-id = "4c78adac"
original-published-id = "0x242f22b9f8b3d77868f6cde06f294203d7c76afa0cd101f388a6cefa45b54c3d"
latest-published-id = "0x242f22b9f8b3d77868f6cde06f294203d7c76afa0cd101f388a6cefa45b54c3d"
published-version = "1"
